
Microsoft Visual Studio Solution File, Format Version 12.00
# Visual Studio 15
VisualStudioVersion = 15.0.34031.82
MinimumVisualStudioVersion = 10.0.40219.1
Project("{FAE04EC0-301F-11D3-BF4B-00C04F79EFBC}") = "AppLogger", "AppLogger\AppLogger.csproj", "{5D2CE997-77EF-4EDD-8611-BF07A657DF40}"
EndProject
Global
	GlobalSection(SolutionConfigurationPlatforms) = preSolution
		Debug|Any CPU = Debug|Any CPU
		Release|Any CPU = Release|Any CPU
	EndGlobalSection
	GlobalSection(ProjectConfigurationPlatforms) = postSolution
		{5D2CE997-77EF-4EDD-8611-BF07A657DF40}.Debug|Any CPU.ActiveCfg = Release|Any CPU
		{5D2CE997-77EF-4EDD-8611-BF07A657DF40}.Debug|Any CPU.Build.0 = Release|Any CPU
		{5D2CE997-77EF-4EDD-8611-BF07A657DF40}.Release|Any CPU.ActiveCfg = Release|Any CPU
		{5D2CE997-77EF-4EDD-8611-BF07A657DF40}.Release|Any CPU.Build.0 = Release|Any CPU
	EndGlobalSection
	GlobalSection(SolutionProperties) = preSolution
		HideSolutionNode = FALSE
	EndGlobalSection
	GlobalSection(ExtensibilityGlobals) = postSolution
		SolutionGuid = {65E24DAD-A830-40EF-BFA2-13A009D423B0}
	EndGlobalSection
EndGlobal
