
Microsoft Visual Studio Solution File, Format Version 12.00
# Visual Studio Version 17
VisualStudioVersion = 17.13.35806.99 d17.13
MinimumVisualStudioVersion = 10.0.40219.1
Project("{FAE04EC0-301F-11D3-BF4B-00C04F79EFBC}") = "WebApplication1", "WebApplication1.csproj", "{B7C1DB5D-F86B-4DBD-A254-8BBF712A1695}"
EndProject
Global
	GlobalSection(SolutionConfigurationPlatforms) = preSolution
		Debug|Any CPU = Debug|Any CPU
		Release|Any CPU = Release|Any CPU
	EndGlobalSection
	GlobalSection(ProjectConfigurationPlatforms) = postSolution
		{B7C1DB5D-F86B-4DBD-A254-8BBF712A1695}.Debug|Any CPU.ActiveCfg = Debug|Any CPU
		{B7C1DB5D-F86B-4DBD-A254-8BBF712A1695}.Debug|Any CPU.Build.0 = Debug|Any CPU
		{B7C1DB5D-F86B-4DBD-A254-8BBF712A1695}.Release|Any CPU.ActiveCfg = Release|Any CPU
		{B7C1DB5D-F86B-4DBD-A254-8BBF712A1695}.Release|Any CPU.Build.0 = Release|Any CPU
	EndGlobalSection
	GlobalSection(SolutionProperties) = preSolution
		HideSolutionNode = FALSE
	EndGlobalSection
	GlobalSection(ExtensibilityGlobals) = postSolution
		SolutionGuid = {F38C03D0-E300-483D-8D02-40CE2F4E25B0}
	EndGlobalSection
EndGlobal
