
Microsoft Visual Studio Solution File, Format Version 12.00
# Visual Studio Version 17
VisualStudioVersion = 17.13.35806.99 d17.13
MinimumVisualStudioVersion = 10.0.40219.1
Project("{FAE04EC0-301F-11D3-BF4B-00C04F79EFBC}") = "BlazorApp1", "BlazorApp1\BlazorApp1.csproj", "{348FD449-ADB1-4E1D-9050-A1C8D631C235}"
EndProject
Project("{FAE04EC0-301F-11D3-BF4B-00C04F79EFBC}") = "BlazorApp1.Client", "BlazorApp1.Client\BlazorApp1.Client.csproj", "{0698F0E4-8EC2-4C36-90AC-CCD93C1224A7}"
EndProject
Global
	GlobalSection(SolutionConfigurationPlatforms) = preSolution
		Debug|Any CPU = Debug|Any CPU
		Release|Any CPU = Release|Any CPU
	EndGlobalSection
	GlobalSection(ProjectConfigurationPlatforms) = postSolution
		{348FD449-ADB1-4E1D-9050-A1C8D631C235}.Debug|Any CPU.ActiveCfg = Debug|Any CPU
		{348FD449-ADB1-4E1D-9050-A1C8D631C235}.Debug|Any CPU.Build.0 = Debug|Any CPU
		{348FD449-ADB1-4E1D-9050-A1C8D631C235}.Release|Any CPU.ActiveCfg = Release|Any CPU
		{348FD449-ADB1-4E1D-9050-A1C8D631C235}.Release|Any CPU.Build.0 = Release|Any CPU
		{0698F0E4-8EC2-4C36-90AC-CCD93C1224A7}.Debug|Any CPU.ActiveCfg = Debug|Any CPU
		{0698F0E4-8EC2-4C36-90AC-CCD93C1224A7}.Debug|Any CPU.Build.0 = Debug|Any CPU
		{0698F0E4-8EC2-4C36-90AC-CCD93C1224A7}.Release|Any CPU.ActiveCfg = Release|Any CPU
		{0698F0E4-8EC2-4C36-90AC-CCD93C1224A7}.Release|Any CPU.Build.0 = Release|Any CPU
	EndGlobalSection
	GlobalSection(SolutionProperties) = preSolution
		HideSolutionNode = FALSE
	EndGlobalSection
	GlobalSection(ExtensibilityGlobals) = postSolution
		SolutionGuid = {5434B9BD-1E0C-4442-93F3-06E3E11897DF}
	EndGlobalSection
EndGlobal
